
Microsoft Visual Studio Solution File, Format Version 12.00
# Visual Studio Version 16
VisualStudioVersion = 16.0.31005.135
MinimumVisualStudioVersion = 10.0.40219.1
Project("{FAE04EC0-301F-11D3-BF4B-00C04F79EFBC}") = "WinFormsLesson6", "WinFormsLesson6\WinFormsLesson6.csproj", "{8699FCFE-1AF4-4E56-9D63-16EFA6AB772D}"
EndProject
Project("{FAE04EC0-301F-11D3-BF4B-00C04F79EFBC}") = "Practic", "Practic\Practic.csproj", "{587C66AC-0E5E-4658-AE9E-F5BF82E6AD2B}"
EndProject
Project("{FAE04EC0-301F-11D3-BF4B-00C04F79EFBC}") = "Practic2", "Practic2\Practic2.csproj", "{C762987C-BCBB-47D1-853E-A4B7B56EB9E1}"
EndProject
Project("{FAE04EC0-301F-11D3-BF4B-00C04F79EFBC}") = "Classwork2", "Classwork2\Classwork2.csproj", "{DE875FE1-3903-40C5-95B5-DE2AF26042A9}"
EndProject
Project("{FAE04EC0-301F-11D3-BF4B-00C04F79EFBC}") = "Classwork 3", "Classwork 3\Classwork 3.csproj", "{2043196C-77AA-4E52-B17A-402F56B37DA8}"
EndProject
Global
	GlobalSection(SolutionConfigurationPlatforms) = preSolution
		Debug|Any CPU = Debug|Any CPU
		Release|Any CPU = Release|Any CPU
	EndGlobalSection
	GlobalSection(ProjectConfigurationPlatforms) = postSolution
		{8699FCFE-1AF4-4E56-9D63-16EFA6AB772D}.Debug|Any CPU.ActiveCfg = Debug|Any CPU
		{8699FCFE-1AF4-4E56-9D63-16EFA6AB772D}.Debug|Any CPU.Build.0 = Debug|Any CPU
		{8699FCFE-1AF4-4E56-9D63-16EFA6AB772D}.Release|Any CPU.ActiveCfg = Release|Any CPU
		{8699FCFE-1AF4-4E56-9D63-16EFA6AB772D}.Release|Any CPU.Build.0 = Release|Any CPU
		{587C66AC-0E5E-4658-AE9E-F5BF82E6AD2B}.Debug|Any CPU.ActiveCfg = Debug|Any CPU
		{587C66AC-0E5E-4658-AE9E-F5BF82E6AD2B}.Debug|Any CPU.Build.0 = Debug|Any CPU
		{587C66AC-0E5E-4658-AE9E-F5BF82E6AD2B}.Release|Any CPU.ActiveCfg = Release|Any CPU
		{587C66AC-0E5E-4658-AE9E-F5BF82E6AD2B}.Release|Any CPU.Build.0 = Release|Any CPU
		{C762987C-BCBB-47D1-853E-A4B7B56EB9E1}.Debug|Any CPU.ActiveCfg = Debug|Any CPU
		{C762987C-BCBB-47D1-853E-A4B7B56EB9E1}.Debug|Any CPU.Build.0 = Debug|Any CPU
		{C762987C-BCBB-47D1-853E-A4B7B56EB9E1}.Release|Any CPU.ActiveCfg = Release|Any CPU
		{C762987C-BCBB-47D1-853E-A4B7B56EB9E1}.Release|Any CPU.Build.0 = Release|Any CPU
		{DE875FE1-3903-40C5-95B5-DE2AF26042A9}.Debug|Any CPU.ActiveCfg = Debug|Any CPU
		{DE875FE1-3903-40C5-95B5-DE2AF26042A9}.Debug|Any CPU.Build.0 = Debug|Any CPU
		{DE875FE1-3903-40C5-95B5-DE2AF26042A9}.Release|Any CPU.ActiveCfg = Release|Any CPU
		{DE875FE1-3903-40C5-95B5-DE2AF26042A9}.Release|Any CPU.Build.0 = Release|Any CPU
		{2043196C-77AA-4E52-B17A-402F56B37DA8}.Debug|Any CPU.ActiveCfg = Debug|Any CPU
		{2043196C-77AA-4E52-B17A-402F56B37DA8}.Debug|Any CPU.Build.0 = Debug|Any CPU
		{2043196C-77AA-4E52-B17A-402F56B37DA8}.Release|Any CPU.ActiveCfg = Release|Any CPU
		{2043196C-77AA-4E52-B17A-402F56B37DA8}.Release|Any CPU.Build.0 = Release|Any CPU
	EndGlobalSection
	GlobalSection(SolutionProperties) = preSolution
		HideSolutionNode = FALSE
	EndGlobalSection
	GlobalSection(ExtensibilityGlobals) = postSolution
		SolutionGuid = {C8538842-AB7F-4F66-B328-763F0377DEEC}
	EndGlobalSection
EndGlobal
